
Microsoft Visual Studio Solution File, Format Version 12.00
# Visual Studio Version 17
VisualStudioVersion = 17.4.33103.184
MinimumVisualStudioVersion = 10.0.40219.1
Project("{FAE04EC0-301F-11D3-BF4B-00C04F79EFBC}") = "Ecommerce", "Ecommerce\Ecommerce.csproj", "{D6F53B48-7E7F-4172-890E-04CDD713365B}"
EndProject
Global
	GlobalSection(SolutionConfigurationPlatforms) = preSolution
		Debug|Any CPU = Debug|Any CPU
		Release|Any CPU = Release|Any CPU
	EndGlobalSection
	GlobalSection(ProjectConfigurationPlatforms) = postSolution
		{D6F53B48-7E7F-4172-890E-04CDD713365B}.Debug|Any CPU.ActiveCfg = Debug|Any CPU
		{D6F53B48-7E7F-4172-890E-04CDD713365B}.Debug|Any CPU.Build.0 = Debug|Any CPU
		{D6F53B48-7E7F-4172-890E-04CDD713365B}.Release|Any CPU.ActiveCfg = Release|Any CPU
		{D6F53B48-7E7F-4172-890E-04CDD713365B}.Release|Any CPU.Build.0 = Release|Any CPU
	EndGlobalSection
	GlobalSection(SolutionProperties) = preSolution
		HideSolutionNode = FALSE
	EndGlobalSection
	GlobalSection(ExtensibilityGlobals) = postSolution
		SolutionGuid = {C8F1F142-9F20-4C86-9690-B7CB96B60888}
	EndGlobalSection
EndGlobal
